// !$*UTF8*$!
{
	archiveVersion = 1;
	classes = {
	};
	objectVersion = 48;
	objects = {

/* Begin PBXBuildFile section */
		EF4AC262206107AA001DF9D0 /* AppDelegate.swift in Sources */ = {isa = PBXBuildFile; fileRef = EF4AC261206107AA001DF9D0 /* AppDelegate.swift */; };
		EF4AC264206107AA001DF9D0 /* MemeEditorViewController.swift in Sources */ = {isa = PBXBuildFile; fileRef = EF4AC263206107AA001DF9D0 /* MemeEditorViewController.swift */; };
		EF4AC267206107AA001DF9D0 /* Main.storyboard in Resources */ = {isa = PBXBuildFile; fileRef = EF4AC265206107AA001DF9D0 /* Main.storyboard */; };
		EF4AC269206107AA001DF9D0 /* Assets.xcassets in Resources */ = {isa = PBXBuildFile; fileRef = EF4AC268206107AA001DF9D0 /* Assets.xcassets */; };
		EF4AC26C206107AA001DF9D0 /* LaunchScreen.storyboard in Resources */ = {isa = PBXBuildFile; fileRef = EF4AC26A206107AA001DF9D0 /* LaunchScreen.storyboard */; };
		EF4AC275206403A0001DF9D0 /* Meme.swift in Sources */ = {isa = PBXBuildFile; fileRef = EF4AC274206403A0001DF9D0 /* Meme.swift */; };
		EF4AC278206404BF001DF9D0 /* UIConstants.swift in Sources */ = {isa = PBXBuildFile; fileRef = EF4AC277206404BF001DF9D0 /* UIConstants.swift */; };
		EF4AC27E2064268E001DF9D0 /* MemeAPI.swift in Sources */ = {isa = PBXBuildFile; fileRef = EF4AC27D2064268E001DF9D0 /* MemeAPI.swift */; };
		EF4AC280206427EC001DF9D0 /* PersistencyManager.swift in Sources */ = {isa = PBXBuildFile; fileRef = EF4AC27F206427EC001DF9D0 /* PersistencyManager.swift */; };
/* End PBXBuildFile section */

/* Begin PBXFileReference section */
		EF4AC25E206107AA001DF9D0 /* MemeMe.app */ = {isa = PBXFileReference; explicitFileType = wrapper.application; includeInIndex = 0; path = MemeMe.app; sourceTree = BUILT_PRODUCTS_DIR; };
		EF4AC261206107AA001DF9D0 /* AppDelegate.swift */ = {isa = PBXFileReference; lastKnownFileType = sourcecode.swift; path = AppDelegate.swift; sourceTree = "<group>"; };
		EF4AC263206107AA001DF9D0 /* MemeEditorViewController.swift */ = {isa = PBXFileReference; lastKnownFileType = sourcecode.swift; path = MemeEditorViewController.swift; sourceTree = "<group>"; };
		EF4AC266206107AA001DF9D0 /* Base */ = {isa = PBXFileReference; lastKnownFileType = file.storyboard; name = Base; path = Base.lproj/Main.storyboard; sourceTree = "<group>"; };
		EF4AC268206107AA001DF9D0 /* Assets.xcassets */ = {isa = PBXFileReference; lastKnownFileType = folder.assetcatalog; path = Assets.xcassets; sourceTree = "<group>"; };
		EF4AC26B206107AA001DF9D0 /* Base */ = {isa = PBXFileReference; lastKnownFileType = file.storyboard; name = Base; path = Base.lproj/LaunchScreen.storyboard; sourceTree = "<group>"; };
		EF4AC26D206107AA001DF9D0 /* Info.plist */ = {isa = PBXFileReference; lastKnownFileType = text.plist.xml; path = Info.plist; sourceTree = "<group>"; };
		EF4AC274206403A0001DF9D0 /* Meme.swift */ = {isa = PBXFileReference; lastKnownFileType = sourcecode.swift; path = Meme.swift; sourceTree = "<group>"; };
		EF4AC277206404BF001DF9D0 /* UIConstants.swift */ = {isa = PBXFileReference; lastKnownFileType = sourcecode.swift; path = UIConstants.swift; sourceTree = "<group>"; };
		EF4AC27D2064268E001DF9D0 /* MemeAPI.swift */ = {isa = PBXFileReference; lastKnownFileType = sourcecode.swift; path = MemeAPI.swift; sourceTree = "<group>"; };
		EF4AC27F206427EC001DF9D0 /* PersistencyManager.swift */ = {isa = PBXFileReference; lastKnownFileType = sourcecode.swift; path = PersistencyManager.swift; sourceTree = "<group>"; };
/* End PBXFileReference section */

/* Begin PBXFrameworksBuildPhase section */
		EF4AC25B206107AA001DF9D0 /* Frameworks */ = {
			isa = PBXFrameworksBuildPhase;
			buildActionMask = 2147483647;
			files = (
			);
			runOnlyForDeploymentPostprocessing = 0;
		};
/* End PBXFrameworksBuildPhase section */

/* Begin PBXGroup section */
		EF4AC255206107AA001DF9D0 = {
			isa = PBXGroup;
			children = (
				EF4AC260206107AA001DF9D0 /* MemeMe */,
				EF4AC25F206107AA001DF9D0 /* Products */,
			);
			sourceTree = "<group>";
		};
		EF4AC25F206107AA001DF9D0 /* Products */ = {
			isa = PBXGroup;
			children = (
				EF4AC25E206107AA001DF9D0 /* MemeMe.app */,
			);
			name = Products;
			sourceTree = "<group>";
		};
		EF4AC260206107AA001DF9D0 /* MemeMe */ = {
			isa = PBXGroup;
			children = (
				EF4AC27C2064266A001DF9D0 /* API */,
				EF4AC27320640390001DF9D0 /* Model */,
				EF4AC27A20642447001DF9D0 /* View */,
				EF4AC27B20642451001DF9D0 /* Controller */,
				EF4AC261206107AA001DF9D0 /* AppDelegate.swift */,
				EF4AC265206107AA001DF9D0 /* Main.storyboard */,
				EF4AC268206107AA001DF9D0 /* Assets.xcassets */,
				EF4AC26A206107AA001DF9D0 /* LaunchScreen.storyboard */,
				EF4AC26D206107AA001DF9D0 /* Info.plist */,
			);
			path = MemeMe;
			sourceTree = "<group>";
		};
		EF4AC27320640390001DF9D0 /* Model */ = {
			isa = PBXGroup;
			children = (
				EF4AC274206403A0001DF9D0 /* Meme.swift */,
				EF4AC276206404A8001DF9D0 /* Constants */,
			);
			path = Model;
			sourceTree = "<group>";
		};
		EF4AC276206404A8001DF9D0 /* Constants */ = {
			isa = PBXGroup;
			children = (
				EF4AC277206404BF001DF9D0 /* UIConstants.swift */,
			);
			path = Constants;
			sourceTree = "<group>";
		};
		EF4AC27A20642447001DF9D0 /* View */ = {
			isa = PBXGroup;
			children = (
			);
			path = View;
			sourceTree = "<group>";
		};
		EF4AC27B20642451001DF9D0 /* Controller */ = {
			isa = PBXGroup;
			children = (
				EF4AC263206107AA001DF9D0 /* MemeEditorViewController.swift */,
			);
			path = Controller;
			sourceTree = "<group>";
		};
		EF4AC27C2064266A001DF9D0 /* API */ = {
			isa = PBXGroup;
			children = (
				EF4AC27D2064268E001DF9D0 /* MemeAPI.swift */,
				EF4AC27F206427EC001DF9D0 /* PersistencyManager.swift */,
			);
			path = API;
			sourceTree = "<group>";
		};
/* End PBXGroup section */

/* Begin PBXNativeTarget section */
		EF4AC25D206107AA001DF9D0 /* MemeMe */ = {
			isa = PBXNativeTarget;
			buildConfigurationList = EF4AC270206107AA001DF9D0 /* Build configuration list for PBXNativeTarget "MemeMe" */;
			buildPhases = (
				EF4AC25A206107AA001DF9D0 /* Sources */,
				EF4AC25B206107AA001DF9D0 /* Frameworks */,
				EF4AC25C206107AA001DF9D0 /* Resources */,
			);
			buildRules = (
			);
			dependencies = (
			);
			name = MemeMe;
			productName = MemeMe;
			productReference = EF4AC25E206107AA001DF9D0 /* MemeMe.app */;
			productType = "com.apple.product-type.application";
		};
/* End PBXNativeTarget section */

/* Begin PBXProject section */
		EF4AC256206107AA001DF9D0 /* Project object */ = {
			isa = PBXProject;
			attributes = {
				LastSwiftUpdateCheck = 0920;
				LastUpgradeCheck = 0920;
				ORGANIZATIONNAME = Boris;
				TargetAttributes = {
					EF4AC25D206107AA001DF9D0 = {
						CreatedOnToolsVersion = 9.2;
						ProvisioningStyle = Automatic;
					};
				};
			};
			buildConfigurationList = EF4AC259206107AA001DF9D0 /* Build configuration list for PBXProject "MemeMe" */;
			compatibilityVersion = "Xcode 8.0";
			developmentRegion = en;
			hasScannedForEncodings = 0;
			knownRegions = (
				en,
				Base,
			);
			mainGroup = EF4AC255206107AA001DF9D0;
			productRefGroup = EF4AC25F206107AA001DF9D0 /* Products */;
			projectDirPath = "";
			projectRoot = "";
			targets = (
				EF4AC25D206107AA001DF9D0 /* MemeMe */,
			);
		};
/* End PBXProject section */

/* Begin PBXResourcesBuildPhase section */
		EF4AC25C206107AA001DF9D0 /* Resources */ = {
			isa = PBXResourcesBuildPhase;
			buildActionMask = 2147483647;
			files = (
				EF4AC26C206107AA001DF9D0 /* LaunchScreen.storyboard in Resources */,
				EF4AC269206107AA001DF9D0 /* Assets.xcassets in Resources */,
				EF4AC267206107AA001DF9D0 /* Main.storyboard in Resources */,
			);
			runOnlyForDeploymentPostprocessing = 0;
		};
/* End PBXResourcesBuildPhase section */

/* Begin PBXSourcesBuildPhase section */
		EF4AC25A206107AA001DF9D0 /* Sources */ = {
			isa = PBXSourcesBuildPhase;
			buildActionMask = 2147483647;
			files = (
				EF4AC275206403A0001DF9D0 /* Meme.swift in Sources */,
				EF4AC280206427EC001DF9D0 /* PersistencyManager.swift in Sources */,
				EF4AC27E2064268E001DF9D0 /* MemeAPI.swift in Sources */,
				EF4AC264206107AA001DF9D0 /* MemeEditorViewController.swift in Sources */,
				EF4AC262206107AA001DF9D0 /* AppDelegate.swift in Sources */,
				EF4AC278206404BF001DF9D0 /* UIConstants.swift in Sources */,
			);
			runOnlyForDeploymentPostprocessing = 0;
		};
/* End PBXSourcesBuildPhase section */

/* Begin PBXVariantGroup section */
		EF4AC265206107AA001DF9D0 /* Main.storyboard */ = {
			isa = PBXVariantGroup;
			children = (
				EF4AC266206107AA001DF9D0 /* Base */,
			);
			name = Main.storyboard;
			sourceTree = "<group>";
		};
		EF4AC26A206107AA001DF9D0 /* LaunchScreen.storyboard */ = {
			isa = PBXVariantGroup;
			children = (
				EF4AC26B206107AA001DF9D0 /* Base */,
			);
			name = LaunchScreen.storyboard;
			sourceTree = "<group>";
		};
/* End PBXVariantGroup section */

/* Begin XCBuildConfiguration section */
		EF4AC26E206107AA001DF9D0 /* Debug */ = {
			isa = XCBuildConfiguration;
			buildSettings = {
				ALWAYS_SEARCH_USER_PATHS = NO;
				CLANG_ANALYZER_NONNULL = YES;
				CLANG_ANALYZER_NUMBER_OBJECT_CONVERSION = YES_AGGRESSIVE;
				CLANG_CXX_LANGUAGE_STANDARD = "gnu++14";
				CLANG_CXX_LIBRARY = "libc++";
				CLANG_ENABLE_MODULES = YES;
				CLANG_ENABLE_OBJC_ARC = YES;
				CLANG_WARN_BLOCK_CAPTURE_AUTORELEASING = YES;
				CLANG_WARN_BOOL_CONVERSION = YES;
				CLANG_WARN_COMMA = YES;
				CLANG_WARN_CONSTANT_CONVERSION = YES;
				CLANG_WARN_DIRECT_OBJC_ISA_USAGE = YES_ERROR;
				CLANG_WARN_DOCUMENTATION_COMMENTS = YES;
				CLANG_WARN_EMPTY_BODY = YES;
				CLANG_WARN_ENUM_CONVERSION = YES;
				CLANG_WARN_INFINITE_RECURSION = YES;
				CLANG_WARN_INT_CONVERSION = YES;
				CLANG_WARN_NON_LITERAL_NULL_CONVERSION = YES;
				CLANG_WARN_OBJC_LITERAL_CONVERSION = YES;
				CLANG_WARN_OBJC_ROOT_CLASS = YES_ERROR;
				CLANG_WARN_RANGE_LOOP_ANALYSIS = YES;
				CLANG_WARN_STRICT_PROTOTYPES = YES;
				CLANG_WARN_SUSPICIOUS_MOVE = YES;
				CLANG_WARN_UNGUARDED_AVAILABILITY = YES_AGGRESSIVE;
				CLANG_WARN_UNREACHABLE_CODE = YES;
				CLANG_WARN__DUPLICATE_METHOD_MATCH = YES;
				CODE_SIGN_IDENTITY = "iPhone Developer";
				COPY_PHASE_STRIP = NO;
				DEBUG_INFORMATION_FORMAT = dwarf;
				ENABLE_STRICT_OBJC_MSGSEND = YES;
				ENABLE_TESTABILITY = YES;
				GCC_C_LANGUAGE_STANDARD = gnu11;
				GCC_DYNAMIC_NO_PIC = NO;
				GCC_NO_COMMON_BLOCKS = YES;
				GCC_OPTIMIZATION_LEVEL = 0;
				GCC_PREPROCESSOR_DEFINITIONS = (
					"DEBUG=1",
					"$(inherited)",
				);
				GCC_WARN_64_TO_32_BIT_CONVERSION = YES;
				GCC_WARN_ABOUT_RETURN_TYPE = YES_ERROR;
				GCC_WARN_UNDECLARED_SELECTOR = YES;
				GCC_WARN_UNINITIALIZED_AUTOS = YES_AGGRESSIVE;
				GCC_WARN_UNUSED_FUNCTION = YES;
				GCC_WARN_UNUSED_VARIABLE = YES;
				IPHONEOS_DEPLOYMENT_TARGET = 11.2;
				MTL_ENABLE_DEBUG_INFO = YES;
				ONLY_ACTIVE_ARCH = YES;
				SDKROOT = iphoneos;
				SWIFT_ACTIVE_COMPILATION_CONDITIONS = DEBUG;
				SWIFT_OPTIMIZATION_LEVEL = "-Onone";
			};
			name = Debug;
		};
		EF4AC26F206107AA001DF9D0 /* Release */ = {
			isa = XCBuildConfiguration;
			buildSettings = {
				ALWAYS_SEARCH_USER_PATHS = NO;
				CLANG_ANALYZER_NONNULL = YES;
				CLANG_ANALYZER_NUMBER_OBJECT_CONVERSION = YES_AGGRESSIVE;
				CLANG_CXX_LANGUAGE_STANDARD = "gnu++14";
				CLANG_CXX_LIBRARY = "libc++";
				CLANG_ENABLE_MODULES = YES;
				CLANG_ENABLE_OBJC_ARC = YES;
				CLANG_WARN_BLOCK_CAPTURE_AUTORELEASING = YES;
				CLANG_WARN_BOOL_CONVERSION = YES;
				CLANG_WARN_COMMA = YES;
				CLANG_WARN_CONSTANT_CONVERSION = YES;
				CLANG_WARN_DIRECT_OBJC_ISA_USAGE = YES_ERROR;
				CLANG_WARN_DOCUMENTATION_COMMENTS = YES;
				CLANG_WARN_EMPTY_BODY = YES;
				CLANG_WARN_ENUM_CONVERSION = YES;
				CLANG_WARN_INFINITE_RECURSION = YES;
				CLANG_WARN_INT_CONVERSION = YES;
				CLANG_WARN_NON_LITERAL_NULL_CONVERSION = YES;
				CLANG_WARN_OBJC_LITERAL_CONVERSION = YES;
				CLANG_WARN_OBJC_ROOT_CLASS = YES_ERROR;
				CLANG_WARN_RANGE_LOOP_ANALYSIS = YES;
				CLANG_WARN_STRICT_PROTOTYPES = YES;
				CLANG_WARN_SUSPICIOUS_MOVE = YES;
				CLANG_WARN_UNGUARDED_AVAILABILITY = YES_AGGRESSIVE;
				CLANG_WARN_UNREACHABLE_CODE = YES;
				CLANG_WARN__DUPLICATE_METHOD_MATCH = YES;
				CODE_SIGN_IDENTITY = "iPhone Developer";
				COPY_PHASE_STRIP = NO;
				DEBUG_INFORMATION_FORMAT = "dwarf-with-dsym";
				ENABLE_NS_ASSERTIONS = NO;
				ENABLE_STRICT_OBJC_MSGSEND = YES;
				GCC_C_LANGUAGE_STANDARD = gnu11;
				GCC_NO_COMMON_BLOCKS = YES;
				GCC_WARN_64_TO_32_BIT_CONVERSION = YES;
				GCC_WARN_ABOUT_RETURN_TYPE = YES_ERROR;
				GCC_WARN_UNDECLARED_SELECTOR = YES;
				GCC_WARN_UNINITIALIZED_AUTOS = YES_AGGRESSIVE;
				GCC_WARN_UNUSED_FUNCTION = YES;
				GCC_WARN_UNUSED_VARIABLE = YES;
				IPHONEOS_DEPLOYMENT_TARGET = 11.2;
				MTL_ENABLE_DEBUG_INFO = NO;
				SDKROOT = iphoneos;
				SWIFT_OPTIMIZATION_LEVEL = "-Owholemodule";
				VALIDATE_PRODUCT = YES;
			};
			name = Release;
		};
		EF4AC271206107AA001DF9D0 /* Debug */ = {
			isa = XCBuildConfiguration;
			buildSettings = {
				ASSETCATALOG_COMPILER_APPICON_NAME = AppIcon;
				CODE_SIGN_STYLE = Automatic;
				DEVELOPMENT_TEAM = SUK5NVG89E;
				INFOPLIST_FILE = MemeMe/Info.plist;
				LD_RUNPATH_SEARCH_PATHS = "$(inherited) @executable_path/Frameworks";
				PRODUCT_BUNDLE_IDENTIFIER = com.borisperica.MemeMe;
				PRODUCT_NAME = "$(TARGET_NAME)";
				SWIFT_VERSION = 4.0;
				TARGETED_DEVICE_FAMILY = "1,2";
			};
			name = Debug;
		};
		EF4AC272206107AA001DF9D0 /* Release */ = {
			isa = XCBuildConfiguration;
			buildSettings = {
				ASSETCATALOG_COMPILER_APPICON_NAME = AppIcon;
				CODE_SIGN_STYLE = Automatic;
				DEVELOPMENT_TEAM = SUK5NVG89E;
				INFOPLIST_FILE = MemeMe/Info.plist;
				LD_RUNPATH_SEARCH_PATHS = "$(inherited) @executable_path/Frameworks";
				PRODUCT_BUNDLE_IDENTIFIER = com.borisperica.MemeMe;
				PRODUCT_NAME = "$(TARGET_NAME)";
				SWIFT_VERSION = 4.0;
				TARGETED_DEVICE_FAMILY = "1,2";
			};
			name = Release;
		};
/* End XCBuildConfiguration section */

/* Begin XCConfigurationList section */
		EF4AC259206107AA001DF9D0 /* Build configuration list for PBXProject "MemeMe" */ = {
			isa = XCConfigurationList;
			buildConfigurations = (
				EF4AC26E206107AA001DF9D0 /* Debug */,
				EF4AC26F206107AA001DF9D0 /* Release */,
			);
			defaultConfigurationIsVisible = 0;
			defaultConfigurationName = Release;
		};
		EF4AC270206107AA001DF9D0 /* Build configuration list for PBXNativeTarget "MemeMe" */ = {
			isa = XCConfigurationList;
			buildConfigurations = (
				EF4AC271206107AA001DF9D0 /* Debug */,
				EF4AC272206107AA001DF9D0 /* Release */,
			);
			defaultConfigurationIsVisible = 0;
			defaultConfigurationName = Release;
		};
/* End XCConfigurationList section */
	};
	rootObject = EF4AC256206107AA001DF9D0 /* Project object */;
}
